dependencies:
  esp_lcd_touch_xpt2046:
    dependencies:
    - name: idf
      version: '>=4.4'
    - name: espressif/esp_lcd_touch
      version: '>=1.0.4'
    source:
      path: /Users/andyvand/Downloads/opentyrian2000/components/lcd_touch/esp_lcd_touch_xpt2046
      type: local
    version: 1.0.5
  esp_littlefs:
    dependencies: []
    source:
      path: /Users/andyvand/Downloads/opentyrian2000/components/esp_littlefs
      type: local
    version: 1.18.1
  espressif/button:
    component_hash: 19d729c86c9d0e3819e95ef27b7e561598301e9716ef6df3b5bc7337e5816c6e
    dependencies:
    - name: espressif/cmake_utilities
      registry_url: https://components.espressif.com
      require: private
      version: '*'
    - name: idf
      require: private
      version: '>=4.0'
    source:
      registry_url: https://components.espressif.com/
      type: service
    version: 4.1.0
  espressif/cmake_utilities:
    component_hash: 351350613ceafba240b761b4ea991e0f231ac7a9f59a9ee901f751bddc0bb18f
    dependencies:
    - name: idf
      require: private
      version: '>=4.1'
    source:
      registry_url: https://components.espressif.com
      type: service
    version: 0.5.3
  espressif/esp_lcd_gc9a01:
    component_hash: 2ccbdfa5a1762c7a8be66770b69a256d809651d6069098852d2c829648707b5b
    dependencies:
    - name: idf
      require: private
      version: '>=4.4'
    - name: espressif/cmake_utilities
      registry_url: https://components.espressif.com
      require: private
      version: 0.*
    source:
      registry_url: https://components.espressif.com/
      type: service
    version: 1.2.0
  espressif/esp_lcd_ili9341:
    component_hash: 31f1b793aa2110dd2ae071c21ccbff0a4eb20d9a4ee40b6294c0dc0ad9552c4e
    dependencies:
    - name: idf
      require: private
      version: '>=4.4'
    - name: espressif/cmake_utilities
      registry_url: https://components.espressif.com
      require: private
      version: 0.*
    source:
      registry_url: https://components.espressif.com/
      type: service
    version: 1.2.0
  espressif/esp_lcd_qemu_rgb:
    component_hash: e8981dd7399504a5ab647ce28a4876f8467c03b759895f50c24f0cb6095faaa0
    dependencies:
    - name: idf
      require: private
      version: '>=5.3'
    source:
      registry_url: https://components.espressif.com/
      type: service
    version: 1.0.2
  espressif/esp_lcd_touch:
    component_hash: 779b4ba2464a3ae85681e4b860caa5fdc35801458c23f3039ee761bae7f442a4
    dependencies:
    - name: idf
      require: private
      version: '>=4.4.2'
    source:
      registry_url: https://components.espressif.com
      type: service
    version: 1.1.2
  espressif/esp_lcd_touch_cst816s:
    component_hash: 439dc245747394d5eeb15a67f1f51bc2f673c32e52068e75d6b27c1534ee66fd
    dependencies:
    - name: espressif/esp_lcd_touch
      registry_url: https://components.espressif.com
      require: public
      version: ^1.0.4
    - name: idf
      require: private
      version: '>=4.4.2'
    source:
      registry_url: https://components.espressif.com/
      type: service
    version: 1.0.6
  espressif/esp_lcd_touch_ft5x06:
    component_hash: abaec05f46a793549b60afdda9eff86e3c8e87782c8c169007911232388d2858
    dependencies:
    - name: espressif/esp_lcd_touch
      registry_url: https://components.espressif.com
      require: public
      version: ^1.0.4
    - name: idf
      require: private
      version: '>=4.4.2'
    source:
      registry_url: https://components.espressif.com/
      type: service
    version: 1.0.7
  espressif/esp_lcd_touch_gt1151:
    component_hash: 69dd86cd5fad2442e3bf15c8c4ddddbe9e8739bdb26cd5f2c5249601b4c3cc38
    dependencies:
    - name: idf
      require: private
      version: '>=4.4.2'
    - name: espressif/esp_lcd_touch
      registry_url: https://components.espressif.com
      require: public
      version: ^1.0.4
    source:
      registry_url: https://components.espressif.com/
      type: service
    version: 1.0.5~2
  espressif/esp_lcd_touch_gt911:
    component_hash: f4c3a5b0970e6f8dd7810413cfb104d856f24c63420bb17f7a89ff37f68e30d8
    dependencies:
    - name: espressif/esp_lcd_touch
      registry_url: https://components.espressif.com
      require: public
      version: ^1.1.0
    - name: idf
      require: private
      version: '>=4.4.2'
    source:
      registry_url: https://components.espressif.com/
      type: service
    version: 1.1.2
  espressif/esp_lcd_touch_tt21100:
    component_hash: 31894c5572927cb2dc65e5087572c4bd71d572fda3ef7e3320cb735af228c423
    dependencies:
    - name: espressif/esp_lcd_touch
      registry_url: https://components.espressif.com
      require: public
      version: ^1.1.0
    - name: idf
      require: private
      version: '>=4.4.2'
    source:
      registry_url: https://components.espressif.com/
      type: service
    version: 1.1.1
  espressif/esp_lvgl_port:
    dependencies:
    - name: idf
      version: '>=4.4'
    - name: lvgl/lvgl
      public: true
      version: '>=8,<10'
    source:
      path: /Users/andyvand/Downloads/opentyrian2000/components/esp_lvgl_port
      type: local
    version: 2.5.0
  espressif/led_indicator:
    component_hash: 91480317e4ced44af3b98b4c97ff6f4164bdb9c28616cf74ec2b0137ba2ff830
    dependencies:
    - name: espressif/cmake_utilities
      registry_url: https://components.espressif.com
      require: private
      version: '*'
    - name: idf
      require: private
      version: '>=4.0'
    - name: espressif/led_strip
      registry_url: https://components.espressif.com
      require: public
      version: 2.5.5
    source:
      registry_url: https://components.espressif.com/
      type: service
    version: 1.1.0
  espressif/led_strip:
    component_hash: 28c6509a727ef74925b372ed404772aeedf11cce10b78c3f69b3c66799095e2d
    dependencies:
    - name: idf
      require: private
      version: '>=4.4'
    source:
      registry_url: https://components.espressif.com
      type: service
    version: 2.5.5
  idf:
    source:
      type: idf
    version: 5.5.0
  lvgl/lvgl:
    component_hash: 096c69af22eaf8a2b721e3913da91918c5e6bf1a762a113ec01f401aa61337a0
    dependencies: []
    source:
      registry_url: https://components.espressif.com/
      type: service
    version: 9.2.2
direct_dependencies:
- esp_lcd_touch_xpt2046
- espressif/button
- espressif/esp_lcd_gc9a01
- espressif/esp_lcd_ili9341
- espressif/esp_lcd_qemu_rgb
- espressif/esp_lcd_touch_cst816s
- espressif/esp_lcd_touch_ft5x06
- espressif/esp_lcd_touch_gt1151
- espressif/esp_lcd_touch_gt911
- espressif/esp_lcd_touch_tt21100
- espressif/esp_littlefs
- espressif/esp_lvgl_port
- espressif/led_indicator
- idf
- lvgl/lvgl
manifest_hash: c75694a91699b3e70bbd16e5823dc4960dd3c63e5fff764f1383539bfa5b316f
target: esp32s3
version: 2.0.0
